
Microsoft Visual Studio Solution File, Format Version 11.00
# Visual Studio 2010
Project("{FAE04EC0-301F-11D3-BF4B-00C04F79EFBC}") = "Welcome_To_Heaven", "Assembly-CSharp.csproj", "{9941EF79-3C82-4FF7-79DC-8D5CC5C4CFE8}"
EndProject
Global
	GlobalSection(SolutionConfigurationPlatforms) = preSolution
		Debug|Any CPU = Debug|Any CPU
		Release|Any CPU = Release|Any CPU
	EndGlobalSection
	GlobalSection(ProjectConfigurationPlatforms) = postSolution
		{9941EF79-3C82-4FF7-79DC-8D5CC5C4CFE8}.Debug|Any CPU.ActiveCfg = Debug|Any CPU
		{9941EF79-3C82-4FF7-79DC-8D5CC5C4CFE8}.Debug|Any CPU.Build.0 = Debug|Any CPU
		{9941EF79-3C82-4FF7-79DC-8D5CC5C4CFE8}.Release|Any CPU.ActiveCfg = Release|Any CPU
		{9941EF79-3C82-4FF7-79DC-8D5CC5C4CFE8}.Release|Any CPU.Build.0 = Release|Any CPU
	EndGlobalSection
	GlobalSection(SolutionProperties) = preSolution
		HideSolutionNode = FALSE
	EndGlobalSection
	GlobalSection(MonoDevelopProperties) = preSolution
		StartupItem = Assembly-CSharp.csproj
	EndGlobalSection
EndGlobal
